
Microsoft Visual Studio Solution File, Format Version 12.00
# Visual Studio for Mac
Project("{FAE04EC0-301F-11D3-BF4B-00C04F79EFBC}") = "Assembly-CSharp", "Assembly-CSharp.csproj", "{CA53DD4D-3B9B-6167-CFEA-CF62006F54D4}"
EndProject
Project("{FAE04EC0-301F-11D3-BF4B-00C04F79EFBC}") = "Assembly-CSharp-Editor", "Assembly-CSharp-Editor.csproj", "{7794B859-A306-0AD9-7498-76EC8A40885B}"
EndProject
Global
	GlobalSection(SolutionConfigurationPlatforms) = preSolution
		Debug|Any CPU = Debug|Any CPU
		Release|Any CPU = Release|Any CPU
	EndGlobalSection
	GlobalSection(ProjectConfigurationPlatforms) = postSolution
		{CA53DD4D-3B9B-6167-CFEA-CF62006F54D4}.Debug|Any CPU.ActiveCfg = Debug|Any CPU
		{CA53DD4D-3B9B-6167-CFEA-CF62006F54D4}.Debug|Any CPU.Build.0 = Debug|Any CPU
		{CA53DD4D-3B9B-6167-CFEA-CF62006F54D4}.Release|Any CPU.ActiveCfg = Release|Any CPU
		{CA53DD4D-3B9B-6167-CFEA-CF62006F54D4}.Release|Any CPU.Build.0 = Release|Any CPU
		{7794B859-A306-0AD9-7498-76EC8A40885B}.Debug|Any CPU.ActiveCfg = Debug|Any CPU
		{7794B859-A306-0AD9-7498-76EC8A40885B}.Debug|Any CPU.Build.0 = Debug|Any CPU
		{7794B859-A306-0AD9-7498-76EC8A40885B}.Release|Any CPU.ActiveCfg = Release|Any CPU
		{7794B859-A306-0AD9-7498-76EC8A40885B}.Release|Any CPU.Build.0 = Release|Any CPU
	EndGlobalSection
	GlobalSection(SolutionProperties) = preSolution
		HideSolutionNode = FALSE
	EndGlobalSection
EndGlobal
